// !$*UTF8*$!
{
	archiveVersion = 1;
	classes = {
	};
	objectVersion = 77;
	objects = {

/* Begin PBXBuildFile section */
		0C384834A38B4B8CAD48C875 /* GeocoderService.swift in Sources */ = {isa = PBXBuildFile; fileRef = FC0E56C19615D89D217C8E5C /* GeocoderService.swift */; };
		17E70CFF63639D6B389A3C4C /* Ephemeris.swift in Sources */ = {isa = PBXBuildFile; fileRef = 2CB46267FAE6F2E152AA54E8 /* Ephemeris.swift */; };
		275907911D946AE4B6349505 /* CityStore.swift in Sources */ = {isa = PBXBuildFile; fileRef = C366DA29E73761BF6D5E8046 /* CityStore.swift */; };
		4531D228D63F6E7096C55011 /* WallpaperUpdater.swift in Sources */ = {isa = PBXBuildFile; fileRef = DED2F299B702FCB1C925A638 /* WallpaperUpdater.swift */; };
		4F3FCF6007F66C71CE6731A7 /* SettingsView.swift in Sources */ = {isa = PBXBuildFile; fileRef = 8E4C4F7F4B4B191E7B4D9BFF /* SettingsView.swift */; };
		57B6B8083181DC4E28752AFF /* XPlanetRunner.swift in Sources */ = {isa = PBXBuildFile; fileRef = 7207129104B203D0851AF3CE /* XPlanetRunner.swift */; };
		6600DEA85B8E58F99F37D99D /* CityTests.swift in Sources */ = {isa = PBXBuildFile; fileRef = DED5F830E21A4CABE5C8AF30 /* CityTests.swift */; };
		6AE3FDDF024558743FD36D0B /* CityStoreTests.swift in Sources */ = {isa = PBXBuildFile; fileRef = 7EEFE2E0850BAF3D04361572 /* CityStoreTests.swift */; };
		7ADA66EA45BC988B8F598F21 /* MoonPhaseTests.swift in Sources */ = {isa = PBXBuildFile; fileRef = 2C4D723D05E5CDFB9C35E0C4 /* MoonPhaseTests.swift */; };
		7CB3E1D97A095D49F10C0CE0 /* MenuView.swift in Sources */ = {isa = PBXBuildFile; fileRef = 4AC0C8E2CE4914B59043B93E /* MenuView.swift */; };
		985805034CB709478AA54568 /* AppIcon.icns in Resources */ = {isa = PBXBuildFile; fileRef = DC9AC2F5F1E9AB5DCF1D4DD2 /* AppIcon.icns */; };
		9AFF873353446F3C7B8693C1 /* DesktopOverlay.swift in Sources */ = {isa = PBXBuildFile; fileRef = 1712DF1148561C6E0E7CAB98 /* DesktopOverlay.swift */; };
		A14D7323715F797E746C03B0 /* MoonPhase.swift in Sources */ = {isa = PBXBuildFile; fileRef = 766E18D3C52ADA82675738D4 /* MoonPhase.swift */; };
		A19E7295B18D1C9BA787B97E /* XPlanetRunnerTests.swift in Sources */ = {isa = PBXBuildFile; fileRef = 906F1FEBFB16A85D0496FEC0 /* XPlanetRunnerTests.swift */; };
		ACE08C47DC7F763C42194BF2 /* EphemerisTests.swift in Sources */ = {isa = PBXBuildFile; fileRef = D11F147B90659B4B91499584 /* EphemerisTests.swift */; };
		B959AA6D1F53CE055927FE9E /* EarthWallpaperTests.swift in Sources */ = {isa = PBXBuildFile; fileRef = 8D5CCA8D1ADBE26BF7988821 /* EarthWallpaperTests.swift */; };
		D317E6269CCBCD93C4C0F5F3 /* AppState.swift in Sources */ = {isa = PBXBuildFile; fileRef = E572F999678285823728654E /* AppState.swift */; };
		D77E7924AEC229F190387408 /* EarthWallpaperApp.swift in Sources */ = {isa = PBXBuildFile; fileRef = E5AAEAE9463707230CA1200B /* EarthWallpaperApp.swift */; };
		E5BB16D6CBA0E8896B64A4D0 /* City.swift in Sources */ = {isa = PBXBuildFile; fileRef = 288F85391182FEF3909EE3B8 /* City.swift */; };
/* End PBXBuildFile section */

/* Begin PBXContainerItemProxy section */
		EF9190F628E95157B4481019 /* PBXContainerItemProxy */ = {
			isa = PBXContainerItemProxy;
			containerPortal = 95997AD4A1AC54251CD7BA1A /* Project object */;
			proxyType = 1;
			remoteGlobalIDString = 0FAD4629665970594F277495;
			remoteInfo = EarthWallpaper;
		};
/* End PBXContainerItemProxy section */

/* Begin PBXFileReference section */
		1712DF1148561C6E0E7CAB98 /* DesktopOverlay.swift */ = {isa = PBXFileReference; lastKnownFileType = sourcecode.swift; path = DesktopOverlay.swift; sourceTree = "<group>"; };
		288F85391182FEF3909EE3B8 /* City.swift */ = {isa = PBXFileReference; lastKnownFileType = sourcecode.swift; path = City.swift; sourceTree = "<group>"; };
		2C4D723D05E5CDFB9C35E0C4 /* MoonPhaseTests.swift */ = {isa = PBXFileReference; lastKnownFileType = sourcecode.swift; path = MoonPhaseTests.swift; sourceTree = "<group>"; };
		2CB46267FAE6F2E152AA54E8 /* Ephemeris.swift */ = {isa = PBXFileReference; lastKnownFileType = sourcecode.swift; path = Ephemeris.swift; sourceTree = "<group>"; };
		4935F0EA9908EC64F184B2CF /* EarthWallpaperTests.xctest */ = {isa = PBXFileReference; explicitFileType = wrapper.cfbundle; includeInIndex = 0; path = EarthWallpaperTests.xctest; sourceTree = BUILT_PRODUCTS_DIR; };
		4AC0C8E2CE4914B59043B93E /* MenuView.swift */ = {isa = PBXFileReference; lastKnownFileType = sourcecode.swift; path = MenuView.swift; sourceTree = "<group>"; };
		7207129104B203D0851AF3CE /* XPlanetRunner.swift */ = {isa = PBXFileReference; lastKnownFileType = sourcecode.swift; path = XPlanetRunner.swift; sourceTree = "<group>"; };
		728AD6F49A5CA9475436097B /* EarthWallpaper.app */ = {isa = PBXFileReference; explicitFileType = wrapper.application; includeInIndex = 0; path = EarthWallpaper.app; sourceTree = BUILT_PRODUCTS_DIR; };
		766E18D3C52ADA82675738D4 /* MoonPhase.swift */ = {isa = PBXFileReference; lastKnownFileType = sourcecode.swift; path = MoonPhase.swift; sourceTree = "<group>"; };
		7EEFE2E0850BAF3D04361572 /* CityStoreTests.swift */ = {isa = PBXFileReference; lastKnownFileType = sourcecode.swift; path = CityStoreTests.swift; sourceTree = "<group>"; };
		8D5CCA8D1ADBE26BF7988821 /* EarthWallpaperTests.swift */ = {isa = PBXFileReference; lastKnownFileType = sourcecode.swift; path = EarthWallpaperTests.swift; sourceTree = "<group>"; };
		8E4C4F7F4B4B191E7B4D9BFF /* SettingsView.swift */ = {isa = PBXFileReference; lastKnownFileType = sourcecode.swift; path = SettingsView.swift; sourceTree = "<group>"; };
		8F37A04575A6B4DBE15F1FC6 /* Info.plist */ = {isa = PBXFileReference; lastKnownFileType = text.plist; path = Info.plist; sourceTree = "<group>"; };
		906F1FEBFB16A85D0496FEC0 /* XPlanetRunnerTests.swift */ = {isa = PBXFileReference; lastKnownFileType = sourcecode.swift; path = XPlanetRunnerTests.swift; sourceTree = "<group>"; };
		C366DA29E73761BF6D5E8046 /* CityStore.swift */ = {isa = PBXFileReference; lastKnownFileType = sourcecode.swift; path = CityStore.swift; sourceTree = "<group>"; };
		D11F147B90659B4B91499584 /* EphemerisTests.swift */ = {isa = PBXFileReference; lastKnownFileType = sourcecode.swift; path = EphemerisTests.swift; sourceTree = "<group>"; };
		DC9AC2F5F1E9AB5DCF1D4DD2 /* AppIcon.icns */ = {isa = PBXFileReference; lastKnownFileType = image.icns; path = AppIcon.icns; sourceTree = "<group>"; };
		DED2F299B702FCB1C925A638 /* WallpaperUpdater.swift */ = {isa = PBXFileReference; lastKnownFileType = sourcecode.swift; path = WallpaperUpdater.swift; sourceTree = "<group>"; };
		DED5F830E21A4CABE5C8AF30 /* CityTests.swift */ = {isa = PBXFileReference; lastKnownFileType = sourcecode.swift; path = CityTests.swift; sourceTree = "<group>"; };
		E572F999678285823728654E /* AppState.swift */ = {isa = PBXFileReference; lastKnownFileType = sourcecode.swift; path = AppState.swift; sourceTree = "<group>"; };
		E5AAEAE9463707230CA1200B /* EarthWallpaperApp.swift */ = {isa = PBXFileReference; lastKnownFileType = sourcecode.swift; path = EarthWallpaperApp.swift; sourceTree = "<group>"; };
		FC0E56C19615D89D217C8E5C /* GeocoderService.swift */ = {isa = PBXFileReference; lastKnownFileType = sourcecode.swift; path = GeocoderService.swift; sourceTree = "<group>"; };
/* End PBXFileReference section */

/* Begin PBXGroup section */
		1068756D5FAF60615539CD4E /* Resources */ = {
			isa = PBXGroup;
			children = (
				DC9AC2F5F1E9AB5DCF1D4DD2 /* AppIcon.icns */,
			);
			path = Resources;
			sourceTree = "<group>";
		};
		1DE261620272879EA8C8EEE4 /* Views */ = {
			isa = PBXGroup;
			children = (
				4AC0C8E2CE4914B59043B93E /* MenuView.swift */,
				8E4C4F7F4B4B191E7B4D9BFF /* SettingsView.swift */,
			);
			path = Views;
			sourceTree = "<group>";
		};
		239E9F050DA0D11485CE52EE /* Services */ = {
			isa = PBXGroup;
			children = (
				C366DA29E73761BF6D5E8046 /* CityStore.swift */,
				1712DF1148561C6E0E7CAB98 /* DesktopOverlay.swift */,
				FC0E56C19615D89D217C8E5C /* GeocoderService.swift */,
				DED2F299B702FCB1C925A638 /* WallpaperUpdater.swift */,
				7207129104B203D0851AF3CE /* XPlanetRunner.swift */,
			);
			path = Services;
			sourceTree = "<group>";
		};
		7D42F66D0D3EF521CD60736C /* EarthWallpaperTests */ = {
			isa = PBXGroup;
			children = (
				7EEFE2E0850BAF3D04361572 /* CityStoreTests.swift */,
				DED5F830E21A4CABE5C8AF30 /* CityTests.swift */,
				8D5CCA8D1ADBE26BF7988821 /* EarthWallpaperTests.swift */,
				D11F147B90659B4B91499584 /* EphemerisTests.swift */,
				2C4D723D05E5CDFB9C35E0C4 /* MoonPhaseTests.swift */,
				906F1FEBFB16A85D0496FEC0 /* XPlanetRunnerTests.swift */,
			);
			path = EarthWallpaperTests;
			sourceTree = "<group>";
		};
		CD6B01A15EBA62399DE2A12A /* Products */ = {
			isa = PBXGroup;
			children = (
				728AD6F49A5CA9475436097B /* EarthWallpaper.app */,
				4935F0EA9908EC64F184B2CF /* EarthWallpaperTests.xctest */,
			);
			name = Products;
			sourceTree = "<group>";
		};
		E0A414497D1E36FFBC7DFE5A = {
			isa = PBXGroup;
			children = (
				E42CD34E444D50A67DA45E33 /* EarthWallpaper */,
				7D42F66D0D3EF521CD60736C /* EarthWallpaperTests */,
				CD6B01A15EBA62399DE2A12A /* Products */,
			);
			sourceTree = "<group>";
		};
		E42CD34E444D50A67DA45E33 /* EarthWallpaper */ = {
			isa = PBXGroup;
			children = (
				E572F999678285823728654E /* AppState.swift */,
				E5AAEAE9463707230CA1200B /* EarthWallpaperApp.swift */,
				8F37A04575A6B4DBE15F1FC6 /* Info.plist */,
				FBBBF4A1AF5A8C4E43120468 /* Models */,
				1068756D5FAF60615539CD4E /* Resources */,
				239E9F050DA0D11485CE52EE /* Services */,
				1DE261620272879EA8C8EEE4 /* Views */,
			);
			path = EarthWallpaper;
			sourceTree = "<group>";
		};
		FBBBF4A1AF5A8C4E43120468 /* Models */ = {
			isa = PBXGroup;
			children = (
				288F85391182FEF3909EE3B8 /* City.swift */,
				2CB46267FAE6F2E152AA54E8 /* Ephemeris.swift */,
				766E18D3C52ADA82675738D4 /* MoonPhase.swift */,
			);
			path = Models;
			sourceTree = "<group>";
		};
/* End PBXGroup section */

/* Begin PBXNativeTarget section */
		0FAD4629665970594F277495 /* EarthWallpaper */ = {
			isa = PBXNativeTarget;
			buildConfigurationList = 5B7C35CFAD908D321A68CEC3 /* Build configuration list for PBXNativeTarget "EarthWallpaper" */;
			buildPhases = (
				D48217E409C86743744873CF /* Sources */,
				4DF2E9BF40415365814D04B6 /* Resources */,
			);
			buildRules = (
			);
			dependencies = (
			);
			name = EarthWallpaper;
			packageProductDependencies = (
			);
			productName = EarthWallpaper;
			productReference = 728AD6F49A5CA9475436097B /* EarthWallpaper.app */;
			productType = "com.apple.product-type.application";
		};
		FC855F3EC3E9BE28FB9422C5 /* EarthWallpaperTests */ = {
			isa = PBXNativeTarget;
			buildConfigurationList = 96D7AF26838F5D56D1F143D4 /* Build configuration list for PBXNativeTarget "EarthWallpaperTests" */;
			buildPhases = (
				D2AB4332A4FE0C1A1585A5A7 /* Sources */,
			);
			buildRules = (
			);
			dependencies = (
				CB6ECEF58AE8A57643014C1E /* PBXTargetDependency */,
			);
			name = EarthWallpaperTests;
			packageProductDependencies = (
			);
			productName = EarthWallpaperTests;
			productReference = 4935F0EA9908EC64F184B2CF /* EarthWallpaperTests.xctest */;
			productType = "com.apple.product-type.bundle.unit-test";
		};
/* End PBXNativeTarget section */

/* Begin PBXProject section */
		95997AD4A1AC54251CD7BA1A /* Project object */ = {
			isa = PBXProject;
			attributes = {
				BuildIndependentTargetsInParallel = YES;
				LastUpgradeCheck = 1430;
				TargetAttributes = {
					0FAD4629665970594F277495 = {
						DevelopmentTeam = "";
						ProvisioningStyle = Automatic;
					};
				};
			};
			buildConfigurationList = F20192D8454D07BD2082CEB3 /* Build configuration list for PBXProject "EarthWallpaper" */;
			developmentRegion = en;
			hasScannedForEncodings = 0;
			knownRegions = (
				Base,
				en,
			);
			mainGroup = E0A414497D1E36FFBC7DFE5A;
			minimizedProjectReferenceProxies = 1;
			preferredProjectObjectVersion = 77;
			productRefGroup = CD6B01A15EBA62399DE2A12A /* Products */;
			projectDirPath = "";
			projectRoot = "";
			targets = (
				0FAD4629665970594F277495 /* EarthWallpaper */,
				FC855F3EC3E9BE28FB9422C5 /* EarthWallpaperTests */,
			);
		};
/* End PBXProject section */

/* Begin PBXResourcesBuildPhase section */
		4DF2E9BF40415365814D04B6 /* Resources */ = {
			isa = PBXResourcesBuildPhase;
			buildActionMask = 2147483647;
			files = (
				985805034CB709478AA54568 /* AppIcon.icns in Resources */,
			);
			runOnlyForDeploymentPostprocessing = 0;
		};
/* End PBXResourcesBuildPhase section */

/* Begin PBXSourcesBuildPhase section */
		D2AB4332A4FE0C1A1585A5A7 /* Sources */ = {
			isa = PBXSourcesBuildPhase;
			buildActionMask = 2147483647;
			files = (
				6AE3FDDF024558743FD36D0B /* CityStoreTests.swift in Sources */,
				6600DEA85B8E58F99F37D99D /* CityTests.swift in Sources */,
				B959AA6D1F53CE055927FE9E /* EarthWallpaperTests.swift in Sources */,
				ACE08C47DC7F763C42194BF2 /* EphemerisTests.swift in Sources */,
				7ADA66EA45BC988B8F598F21 /* MoonPhaseTests.swift in Sources */,
				A19E7295B18D1C9BA787B97E /* XPlanetRunnerTests.swift in Sources */,
			);
			runOnlyForDeploymentPostprocessing = 0;
		};
		D48217E409C86743744873CF /* Sources */ = {
			isa = PBXSourcesBuildPhase;
			buildActionMask = 2147483647;
			files = (
				D317E6269CCBCD93C4C0F5F3 /* AppState.swift in Sources */,
				E5BB16D6CBA0E8896B64A4D0 /* City.swift in Sources */,
				275907911D946AE4B6349505 /* CityStore.swift in Sources */,
				9AFF873353446F3C7B8693C1 /* DesktopOverlay.swift in Sources */,
				D77E7924AEC229F190387408 /* EarthWallpaperApp.swift in Sources */,
				17E70CFF63639D6B389A3C4C /* Ephemeris.swift in Sources */,
				0C384834A38B4B8CAD48C875 /* GeocoderService.swift in Sources */,
				7CB3E1D97A095D49F10C0CE0 /* MenuView.swift in Sources */,
				A14D7323715F797E746C03B0 /* MoonPhase.swift in Sources */,
				4F3FCF6007F66C71CE6731A7 /* SettingsView.swift in Sources */,
				4531D228D63F6E7096C55011 /* WallpaperUpdater.swift in Sources */,
				57B6B8083181DC4E28752AFF /* XPlanetRunner.swift in Sources */,
			);
			runOnlyForDeploymentPostprocessing = 0;
		};
/* End PBXSourcesBuildPhase section */

/* Begin PBXTargetDependency section */
		CB6ECEF58AE8A57643014C1E /* PBXTargetDependency */ = {
			isa = PBXTargetDependency;
			target = 0FAD4629665970594F277495 /* EarthWallpaper */;
			targetProxy = EF9190F628E95157B4481019 /* PBXContainerItemProxy */;
		};
/* End PBXTargetDependency section */

/* Begin XCBuildConfiguration section */
		692470895F288D96C780ADAC /* Release */ = {
			isa = XCBuildConfiguration;
			buildSettings = {
				ALWAYS_SEARCH_USER_PATHS = NO;
				CLANG_ANALYZER_NONNULL = YES;
				CLANG_ANALYZER_NUMBER_OBJECT_CONVERSION = YES_AGGRESSIVE;
				CLANG_CXX_LANGUAGE_STANDARD = "gnu++14";
				CLANG_CXX_LIBRARY = "libc++";
				CLANG_ENABLE_MODULES = YES;
				CLANG_ENABLE_OBJC_ARC = YES;
				CLANG_ENABLE_OBJC_WEAK = YES;
				CLANG_WARN_BLOCK_CAPTURE_AUTORELEASING = YES;
				CLANG_WARN_BOOL_CONVERSION = YES;
				CLANG_WARN_COMMA = YES;
				CLANG_WARN_CONSTANT_CONVERSION = YES;
				CLANG_WARN_DEPRECATED_OBJC_IMPLEMENTATIONS = YES;
				CLANG_WARN_DIRECT_OBJC_ISA_USAGE = YES_ERROR;
				CLANG_WARN_DOCUMENTATION_COMMENTS = YES;
				CLANG_WARN_EMPTY_BODY = YES;
				CLANG_WARN_ENUM_CONVERSION = YES;
				CLANG_WARN_INFINITE_RECURSION = YES;
				CLANG_WARN_INT_CONVERSION = YES;
				CLANG_WARN_NON_LITERAL_NULL_CONVERSION = YES;
				CLANG_WARN_OBJC_IMPLICIT_RETAIN_SELF = YES;
				CLANG_WARN_OBJC_LITERAL_CONVERSION = YES;
				CLANG_WARN_OBJC_ROOT_CLASS = YES_ERROR;
				CLANG_WARN_QUOTED_INCLUDE_IN_FRAMEWORK_HEADER = YES;
				CLANG_WARN_RANGE_LOOP_ANALYSIS = YES;
				CLANG_WARN_STRICT_PROTOTYPES = YES;
				CLANG_WARN_SUSPICIOUS_MOVE = YES;
				CLANG_WARN_UNGUARDED_AVAILABILITY = YES_AGGRESSIVE;
				CLANG_WARN_UNREACHABLE_CODE = YES;
				CLANG_WARN__DUPLICATE_METHOD_MATCH = YES;
				COPY_PHASE_STRIP = NO;
				DEBUG_INFORMATION_FORMAT = "dwarf-with-dsym";
				ENABLE_NS_ASSERTIONS = NO;
				ENABLE_STRICT_OBJC_MSGSEND = YES;
				GCC_C_LANGUAGE_STANDARD = gnu11;
				GCC_NO_COMMON_BLOCKS = YES;
				GCC_WARN_64_TO_32_BIT_CONVERSION = YES;
				GCC_WARN_ABOUT_RETURN_TYPE = YES_ERROR;
				GCC_WARN_UNDECLARED_SELECTOR = YES;
				GCC_WARN_UNINITIALIZED_AUTOS = YES_AGGRESSIVE;
				GCC_WARN_UNUSED_FUNCTION = YES;
				GCC_WARN_UNUSED_VARIABLE = YES;
				MACOSX_DEPLOYMENT_TARGET = 13.0;
				MTL_ENABLE_DEBUG_INFO = NO;
				MTL_FAST_MATH = YES;
				PRODUCT_NAME = "$(TARGET_NAME)";
				SDKROOT = macosx;
				SWIFT_COMPILATION_MODE = wholemodule;
				SWIFT_OPTIMIZATION_LEVEL = "-O";
				SWIFT_VERSION = 5.9;
			};
			name = Release;
		};
		B36D94BADB2F448F421EDA3F /* Debug */ = {
			isa = XCBuildConfiguration;
			buildSettings = {
				ALWAYS_SEARCH_USER_PATHS = NO;
				CLANG_ANALYZER_NONNULL = YES;
				CLANG_ANALYZER_NUMBER_OBJECT_CONVERSION = YES_AGGRESSIVE;
				CLANG_CXX_LANGUAGE_STANDARD = "gnu++14";
				CLANG_CXX_LIBRARY = "libc++";
				CLANG_ENABLE_MODULES = YES;
				CLANG_ENABLE_OBJC_ARC = YES;
				CLANG_ENABLE_OBJC_WEAK = YES;
				CLANG_WARN_BLOCK_CAPTURE_AUTORELEASING = YES;
				CLANG_WARN_BOOL_CONVERSION = YES;
				CLANG_WARN_COMMA = YES;
				CLANG_WARN_CONSTANT_CONVERSION = YES;
				CLANG_WARN_DEPRECATED_OBJC_IMPLEMENTATIONS = YES;
				CLANG_WARN_DIRECT_OBJC_ISA_USAGE = YES_ERROR;
				CLANG_WARN_DOCUMENTATION_COMMENTS = YES;
				CLANG_WARN_EMPTY_BODY = YES;
				CLANG_WARN_ENUM_CONVERSION = YES;
				CLANG_WARN_INFINITE_RECURSION = YES;
				CLANG_WARN_INT_CONVERSION = YES;
				CLANG_WARN_NON_LITERAL_NULL_CONVERSION = YES;
				CLANG_WARN_OBJC_IMPLICIT_RETAIN_SELF = YES;
				CLANG_WARN_OBJC_LITERAL_CONVERSION = YES;
				CLANG_WARN_OBJC_ROOT_CLASS = YES_ERROR;
				CLANG_WARN_QUOTED_INCLUDE_IN_FRAMEWORK_HEADER = YES;
				CLANG_WARN_RANGE_LOOP_ANALYSIS = YES;
				CLANG_WARN_STRICT_PROTOTYPES = YES;
				CLANG_WARN_SUSPICIOUS_MOVE = YES;
				CLANG_WARN_UNGUARDED_AVAILABILITY = YES_AGGRESSIVE;
				CLANG_WARN_UNREACHABLE_CODE = YES;
				CLANG_WARN__DUPLICATE_METHOD_MATCH = YES;
				COPY_PHASE_STRIP = NO;
				DEBUG_INFORMATION_FORMAT = dwarf;
				ENABLE_STRICT_OBJC_MSGSEND = YES;
				ENABLE_TESTABILITY = YES;
				GCC_C_LANGUAGE_STANDARD = gnu11;
				GCC_DYNAMIC_NO_PIC = NO;
				GCC_NO_COMMON_BLOCKS = YES;
				GCC_OPTIMIZATION_LEVEL = 0;
				GCC_PREPROCESSOR_DEFINITIONS = (
					"$(inherited)",
					"DEBUG=1",
				);
				GCC_WARN_64_TO_32_BIT_CONVERSION = YES;
				GCC_WARN_ABOUT_RETURN_TYPE = YES_ERROR;
				GCC_WARN_UNDECLARED_SELECTOR = YES;
				GCC_WARN_UNINITIALIZED_AUTOS = YES_AGGRESSIVE;
				GCC_WARN_UNUSED_FUNCTION = YES;
				GCC_WARN_UNUSED_VARIABLE = YES;
				MACOSX_DEPLOYMENT_TARGET = 13.0;
				MTL_ENABLE_DEBUG_INFO = INCLUDE_SOURCE;
				MTL_FAST_MATH = YES;
				ONLY_ACTIVE_ARCH = YES;
				PRODUCT_NAME = "$(TARGET_NAME)";
				SDKROOT = macosx;
				SWIFT_ACTIVE_COMPILATION_CONDITIONS = DEBUG;
				SWIFT_OPTIMIZATION_LEVEL = "-Onone";
				SWIFT_VERSION = 5.9;
			};
			name = Debug;
		};
		DCDCA981038A30304696D5B3 /* Release */ = {
			isa = XCBuildConfiguration;
			buildSettings = {
				ASSETCATALOG_COMPILER_APPICON_NAME = AppIcon;
				CODE_SIGN_STYLE = Automatic;
				COMBINE_HIDPI_IMAGES = YES;
				DEVELOPMENT_TEAM = "";
				ENABLE_APP_SANDBOX = NO;
				INFOPLIST_FILE = EarthWallpaper/Info.plist;
				LD_RUNPATH_SEARCH_PATHS = (
					"$(inherited)",
					"@executable_path/../Frameworks",
				);
				MACOSX_DEPLOYMENT_TARGET = 13.0;
				PRODUCT_BUNDLE_IDENTIFIER = com.earthwallpaper.app;
				SDKROOT = macosx;
			};
			name = Release;
		};
		E35B3355BD1E8830D9469997 /* Debug */ = {
			isa = XCBuildConfiguration;
			buildSettings = {
				BUNDLE_LOADER = "$(TEST_HOST)";
				COMBINE_HIDPI_IMAGES = YES;
				GENERATE_INFOPLIST_FILE = YES;
				LD_RUNPATH_SEARCH_PATHS = (
					"$(inherited)",
					"@executable_path/../Frameworks",
					"@loader_path/../Frameworks",
				);
				MACOSX_DEPLOYMENT_TARGET = 13.0;
				PRODUCT_BUNDLE_IDENTIFIER = com.earthwallpaper.tests;
				SDKROOT = macosx;
				TEST_HOST = "$(BUILT_PRODUCTS_DIR)/EarthWallpaper.app/Contents/MacOS/EarthWallpaper";
			};
			name = Debug;
		};
		E3A9D1C1C537E4B649FC2F1C /* Release */ = {
			isa = XCBuildConfiguration;
			buildSettings = {
				BUNDLE_LOADER = "$(TEST_HOST)";
				COMBINE_HIDPI_IMAGES = YES;
				GENERATE_INFOPLIST_FILE = YES;
				LD_RUNPATH_SEARCH_PATHS = (
					"$(inherited)",
					"@executable_path/../Frameworks",
					"@loader_path/../Frameworks",
				);
				MACOSX_DEPLOYMENT_TARGET = 13.0;
				PRODUCT_BUNDLE_IDENTIFIER = com.earthwallpaper.tests;
				SDKROOT = macosx;
				TEST_HOST = "$(BUILT_PRODUCTS_DIR)/EarthWallpaper.app/Contents/MacOS/EarthWallpaper";
			};
			name = Release;
		};
		F96D05CF81290F4F2445B1D0 /* Debug */ = {
			isa = XCBuildConfiguration;
			buildSettings = {
				ASSETCATALOG_COMPILER_APPICON_NAME = AppIcon;
				CODE_SIGN_STYLE = Automatic;
				COMBINE_HIDPI_IMAGES = YES;
				DEVELOPMENT_TEAM = "";
				ENABLE_APP_SANDBOX = NO;
				INFOPLIST_FILE = EarthWallpaper/Info.plist;
				LD_RUNPATH_SEARCH_PATHS = (
					"$(inherited)",
					"@executable_path/../Frameworks",
				);
				MACOSX_DEPLOYMENT_TARGET = 13.0;
				PRODUCT_BUNDLE_IDENTIFIER = com.earthwallpaper.app;
				SDKROOT = macosx;
			};
			name = Debug;
		};
/* End XCBuildConfiguration section */

/* Begin XCConfigurationList section */
		5B7C35CFAD908D321A68CEC3 /* Build configuration list for PBXNativeTarget "EarthWallpaper" */ = {
			isa = XCConfigurationList;
			buildConfigurations = (
				F96D05CF81290F4F2445B1D0 /* Debug */,
				DCDCA981038A30304696D5B3 /* Release */,
			);
			defaultConfigurationIsVisible = 0;
			defaultConfigurationName = Debug;
		};
		96D7AF26838F5D56D1F143D4 /* Build configuration list for PBXNativeTarget "EarthWallpaperTests" */ = {
			isa = XCConfigurationList;
			buildConfigurations = (
				E35B3355BD1E8830D9469997 /* Debug */,
				E3A9D1C1C537E4B649FC2F1C /* Release */,
			);
			defaultConfigurationIsVisible = 0;
			defaultConfigurationName = Debug;
		};
		F20192D8454D07BD2082CEB3 /* Build configuration list for PBXProject "EarthWallpaper" */ = {
			isa = XCConfigurationList;
			buildConfigurations = (
				B36D94BADB2F448F421EDA3F /* Debug */,
				692470895F288D96C780ADAC /* Release */,
			);
			defaultConfigurationIsVisible = 0;
			defaultConfigurationName = Debug;
		};
/* End XCConfigurationList section */
	};
	rootObject = 95997AD4A1AC54251CD7BA1A /* Project object */;
}
