// !$*UTF8*$!
{
	archiveVersion = 1;
	classes = {
	};
	objectVersion = 77;
	objects = {

/* Begin PBXBuildFile section */
		275907911D946AE4B6349505 /* CityStore.swift in Sources */ = {isa = PBXBuildFile; fileRef = C366DA29E73761BF6D5E8046 /* CityStore.swift */; };
		6600DEA85B8E58F99F37D99D /* CityTests.swift in Sources */ = {isa = PBXBuildFile; fileRef = DED5F830E21A4CABE5C8AF30 /* CityTests.swift */; };
		6AE3FDDF024558743FD36D0B /* CityStoreTests.swift in Sources */ = {isa = PBXBuildFile; fileRef = 7EEFE2E0850BAF3D04361572 /* CityStoreTests.swift */; };
		B959AA6D1F53CE055927FE9E /* EarthWallpaperTests.swift in Sources */ = {isa = PBXBuildFile; fileRef = 8D5CCA8D1ADBE26BF7988821 /* EarthWallpaperTests.swift */; };
		C7CD535F0C308C45D06C46DF /* CoreLocation.framework in Frameworks */ = {isa = PBXBuildFile; fileRef = 5DD2F54A3A8225D05C0F9C98 /* CoreLocation.framework */; };
		D77E7924AEC229F190387408 /* EarthWallpaperApp.swift in Sources */ = {isa = PBXBuildFile; fileRef = E5AAEAE9463707230CA1200B /* EarthWallpaperApp.swift */; };
		E5BB16D6CBA0E8896B64A4D0 /* City.swift in Sources */ = {isa = PBXBuildFile; fileRef = 288F85391182FEF3909EE3B8 /* City.swift */; };
/* End PBXBuildFile section */

/* Begin PBXContainerItemProxy section */
		EF9190F628E95157B4481019 /* PBXContainerItemProxy */ = {
			isa = PBXContainerItemProxy;
			containerPortal = 95997AD4A1AC54251CD7BA1A /* Project object */;
			proxyType = 1;
			remoteGlobalIDString = 0FAD4629665970594F277495;
			remoteInfo = EarthWallpaper;
		};
/* End PBXContainerItemProxy section */

/* Begin PBXFileReference section */
		288F85391182FEF3909EE3B8 /* City.swift */ = {isa = PBXFileReference; lastKnownFileType = sourcecode.swift; path = City.swift; sourceTree = "<group>"; };
		4935F0EA9908EC64F184B2CF /* EarthWallpaperTests.xctest */ = {isa = PBXFileReference; explicitFileType = wrapper.cfbundle; includeInIndex = 0; path = EarthWallpaperTests.xctest; sourceTree = BUILT_PRODUCTS_DIR; };
		5DD2F54A3A8225D05C0F9C98 /* CoreLocation.framework */ = {isa = PBXFileReference; lastKnownFileType = wrapper.framework; path = CoreLocation.framework; sourceTree = "<group>"; };
		728AD6F49A5CA9475436097B /* EarthWallpaper.app */ = {isa = PBXFileReference; explicitFileType = wrapper.application; includeInIndex = 0; path = EarthWallpaper.app; sourceTree = BUILT_PRODUCTS_DIR; };
		7EEFE2E0850BAF3D04361572 /* CityStoreTests.swift */ = {isa = PBXFileReference; lastKnownFileType = sourcecode.swift; path = CityStoreTests.swift; sourceTree = "<group>"; };
		8D5CCA8D1ADBE26BF7988821 /* EarthWallpaperTests.swift */ = {isa = PBXFileReference; lastKnownFileType = sourcecode.swift; path = EarthWallpaperTests.swift; sourceTree = "<group>"; };
		8F37A04575A6B4DBE15F1FC6 /* Info.plist */ = {isa = PBXFileReference; lastKnownFileType = text.plist; path = Info.plist; sourceTree = "<group>"; };
		C366DA29E73761BF6D5E8046 /* CityStore.swift */ = {isa = PBXFileReference; lastKnownFileType = sourcecode.swift; path = CityStore.swift; sourceTree = "<group>"; };
		DED5F830E21A4CABE5C8AF30 /* CityTests.swift */ = {isa = PBXFileReference; lastKnownFileType = sourcecode.swift; path = CityTests.swift; sourceTree = "<group>"; };
		E5AAEAE9463707230CA1200B /* EarthWallpaperApp.swift */ = {isa = PBXFileReference; lastKnownFileType = sourcecode.swift; path = EarthWallpaperApp.swift; sourceTree = "<group>"; };
/* End PBXFileReference section */

/* Begin PBXFrameworksBuildPhase section */
		00A58F9B5C9302289EF89205 /* Frameworks */ = {
			isa = PBXFrameworksBuildPhase;
			buildActionMask = 2147483647;
			files = (
				C7CD535F0C308C45D06C46DF /* CoreLocation.framework in Frameworks */,
			);
			runOnlyForDeploymentPostprocessing = 0;
		};
/* End PBXFrameworksBuildPhase section */

/* Begin PBXGroup section */
		239E9F050DA0D11485CE52EE /* Services */ = {
			isa = PBXGroup;
			children = (
				C366DA29E73761BF6D5E8046 /* CityStore.swift */,
			);
			path = Services;
			sourceTree = "<group>";
		};
		76F5CC8E3E3D965D761BD755 /* Frameworks */ = {
			isa = PBXGroup;
			children = (
				5DD2F54A3A8225D05C0F9C98 /* CoreLocation.framework */,
			);
			name = Frameworks;
			sourceTree = "<group>";
		};
		7D42F66D0D3EF521CD60736C /* EarthWallpaperTests */ = {
			isa = PBXGroup;
			children = (
				7EEFE2E0850BAF3D04361572 /* CityStoreTests.swift */,
				DED5F830E21A4CABE5C8AF30 /* CityTests.swift */,
				8D5CCA8D1ADBE26BF7988821 /* EarthWallpaperTests.swift */,
			);
			path = EarthWallpaperTests;
			sourceTree = "<group>";
		};
		CD6B01A15EBA62399DE2A12A /* Products */ = {
			isa = PBXGroup;
			children = (
				728AD6F49A5CA9475436097B /* EarthWallpaper.app */,
				4935F0EA9908EC64F184B2CF /* EarthWallpaperTests.xctest */,
			);
			name = Products;
			sourceTree = "<group>";
		};
		E0A414497D1E36FFBC7DFE5A = {
			isa = PBXGroup;
			children = (
				E42CD34E444D50A67DA45E33 /* EarthWallpaper */,
				7D42F66D0D3EF521CD60736C /* EarthWallpaperTests */,
				76F5CC8E3E3D965D761BD755 /* Frameworks */,
				CD6B01A15EBA62399DE2A12A /* Products */,
			);
			sourceTree = "<group>";
		};
		E42CD34E444D50A67DA45E33 /* EarthWallpaper */ = {
			isa = PBXGroup;
			children = (
				E5AAEAE9463707230CA1200B /* EarthWallpaperApp.swift */,
				8F37A04575A6B4DBE15F1FC6 /* Info.plist */,
				FBBBF4A1AF5A8C4E43120468 /* Models */,
				239E9F050DA0D11485CE52EE /* Services */,
			);
			path = EarthWallpaper;
			sourceTree = "<group>";
		};
		FBBBF4A1AF5A8C4E43120468 /* Models */ = {
			isa = PBXGroup;
			children = (
				288F85391182FEF3909EE3B8 /* City.swift */,
			);
			path = Models;
			sourceTree = "<group>";
		};
/* End PBXGroup section */

/* Begin PBXNativeTarget section */
		0FAD4629665970594F277495 /* EarthWallpaper */ = {
			isa = PBXNativeTarget;
			buildConfigurationList = 5B7C35CFAD908D321A68CEC3 /* Build configuration list for PBXNativeTarget "EarthWallpaper" */;
			buildPhases = (
				D48217E409C86743744873CF /* Sources */,
				00A58F9B5C9302289EF89205 /* Frameworks */,
			);
			buildRules = (
			);
			dependencies = (
			);
			name = EarthWallpaper;
			packageProductDependencies = (
			);
			productName = EarthWallpaper;
			productReference = 728AD6F49A5CA9475436097B /* EarthWallpaper.app */;
			productType = "com.apple.product-type.application";
		};
		FC855F3EC3E9BE28FB9422C5 /* EarthWallpaperTests */ = {
			isa = PBXNativeTarget;
			buildConfigurationList = 96D7AF26838F5D56D1F143D4 /* Build configuration list for PBXNativeTarget "EarthWallpaperTests" */;
			buildPhases = (
				D2AB4332A4FE0C1A1585A5A7 /* Sources */,
			);
			buildRules = (
			);
			dependencies = (
				CB6ECEF58AE8A57643014C1E /* PBXTargetDependency */,
			);
			name = EarthWallpaperTests;
			packageProductDependencies = (
			);
			productName = EarthWallpaperTests;
			productReference = 4935F0EA9908EC64F184B2CF /* EarthWallpaperTests.xctest */;
			productType = "com.apple.product-type.bundle.unit-test";
		};
/* End PBXNativeTarget section */

/* Begin PBXProject section */
		95997AD4A1AC54251CD7BA1A /* Project object */ = {
			isa = PBXProject;
			attributes = {
				BuildIndependentTargetsInParallel = YES;
				LastUpgradeCheck = 1430;
				TargetAttributes = {
					0FAD4629665970594F277495 = {
						DevelopmentTeam = "";
						ProvisioningStyle = Automatic;
					};
				};
			};
			buildConfigurationList = F20192D8454D07BD2082CEB3 /* Build configuration list for PBXProject "EarthWallpaper" */;
			developmentRegion = en;
			hasScannedForEncodings = 0;
			knownRegions = (
				Base,
				en,
			);
			mainGroup = E0A414497D1E36FFBC7DFE5A;
			minimizedProjectReferenceProxies = 1;
			preferredProjectObjectVersion = 77;
			productRefGroup = CD6B01A15EBA62399DE2A12A /* Products */;
			projectDirPath = "";
			projectRoot = "";
			targets = (
				0FAD4629665970594F277495 /* EarthWallpaper */,
				FC855F3EC3E9BE28FB9422C5 /* EarthWallpaperTests */,
			);
		};
/* End PBXProject section */

/* Begin PBXSourcesBuildPhase section */
		D2AB4332A4FE0C1A1585A5A7 /* Sources */ = {
			isa = PBXSourcesBuildPhase;
			buildActionMask = 2147483647;
			files = (
				6AE3FDDF024558743FD36D0B /* CityStoreTests.swift in Sources */,
				6600DEA85B8E58F99F37D99D /* CityTests.swift in Sources */,
				B959AA6D1F53CE055927FE9E /* EarthWallpaperTests.swift in Sources */,
			);
			runOnlyForDeploymentPostprocessing = 0;
		};
		D48217E409C86743744873CF /* Sources */ = {
			isa = PBXSourcesBuildPhase;
			buildActionMask = 2147483647;
			files = (
				E5BB16D6CBA0E8896B64A4D0 /* City.swift in Sources */,
				275907911D946AE4B6349505 /* CityStore.swift in Sources */,
				D77E7924AEC229F190387408 /* EarthWallpaperApp.swift in Sources */,
			);
			runOnlyForDeploymentPostprocessing = 0;
		};
/* End PBXSourcesBuildPhase section */

/* Begin PBXTargetDependency section */
		CB6ECEF58AE8A57643014C1E /* PBXTargetDependency */ = {
			isa = PBXTargetDependency;
			target = 0FAD4629665970594F277495 /* EarthWallpaper */;
			targetProxy = EF9190F628E95157B4481019 /* PBXContainerItemProxy */;
		};
/* End PBXTargetDependency section */

/* Begin XCBuildConfiguration section */
		692470895F288D96C780ADAC /* Release */ = {
			isa = XCBuildConfiguration;
			buildSettings = {
				ALWAYS_SEARCH_USER_PATHS = NO;
				CLANG_ANALYZER_NONNULL = YES;
				CLANG_ANALYZER_NUMBER_OBJECT_CONVERSION = YES_AGGRESSIVE;
				CLANG_CXX_LANGUAGE_STANDARD = "gnu++14";
				CLANG_CXX_LIBRARY = "libc++";
				CLANG_ENABLE_MODULES = YES;
				CLANG_ENABLE_OBJC_ARC = YES;
				CLANG_ENABLE_OBJC_WEAK = YES;
				CLANG_WARN_BLOCK_CAPTURE_AUTORELEASING = YES;
				CLANG_WARN_BOOL_CONVERSION = YES;
				CLANG_WARN_COMMA = YES;
				CLANG_WARN_CONSTANT_CONVERSION = YES;
				CLANG_WARN_DEPRECATED_OBJC_IMPLEMENTATIONS = YES;
				CLANG_WARN_DIRECT_OBJC_ISA_USAGE = YES_ERROR;
				CLANG_WARN_DOCUMENTATION_COMMENTS = YES;
				CLANG_WARN_EMPTY_BODY = YES;
				CLANG_WARN_ENUM_CONVERSION = YES;
				CLANG_WARN_INFINITE_RECURSION = YES;
				CLANG_WARN_INT_CONVERSION = YES;
				CLANG_WARN_NON_LITERAL_NULL_CONVERSION = YES;
				CLANG_WARN_OBJC_IMPLICIT_RETAIN_SELF = YES;
				CLANG_WARN_OBJC_LITERAL_CONVERSION = YES;
				CLANG_WARN_OBJC_ROOT_CLASS = YES_ERROR;
				CLANG_WARN_QUOTED_INCLUDE_IN_FRAMEWORK_HEADER = YES;
				CLANG_WARN_RANGE_LOOP_ANALYSIS = YES;
				CLANG_WARN_STRICT_PROTOTYPES = YES;
				CLANG_WARN_SUSPICIOUS_MOVE = YES;
				CLANG_WARN_UNGUARDED_AVAILABILITY = YES_AGGRESSIVE;
				CLANG_WARN_UNREACHABLE_CODE = YES;
				CLANG_WARN__DUPLICATE_METHOD_MATCH = YES;
				COPY_PHASE_STRIP = NO;
				DEBUG_INFORMATION_FORMAT = "dwarf-with-dsym";
				ENABLE_NS_ASSERTIONS = NO;
				ENABLE_STRICT_OBJC_MSGSEND = YES;
				GCC_C_LANGUAGE_STANDARD = gnu11;
				GCC_NO_COMMON_BLOCKS = YES;
				GCC_WARN_64_TO_32_BIT_CONVERSION = YES;
				GCC_WARN_ABOUT_RETURN_TYPE = YES_ERROR;
				GCC_WARN_UNDECLARED_SELECTOR = YES;
				GCC_WARN_UNINITIALIZED_AUTOS = YES_AGGRESSIVE;
				GCC_WARN_UNUSED_FUNCTION = YES;
				GCC_WARN_UNUSED_VARIABLE = YES;
				MACOSX_DEPLOYMENT_TARGET = 13.0;
				MTL_ENABLE_DEBUG_INFO = NO;
				MTL_FAST_MATH = YES;
				PRODUCT_NAME = "$(TARGET_NAME)";
				SDKROOT = macosx;
				SWIFT_COMPILATION_MODE = wholemodule;
				SWIFT_OPTIMIZATION_LEVEL = "-O";
				SWIFT_VERSION = 5.9;
			};
			name = Release;
		};
		B36D94BADB2F448F421EDA3F /* Debug */ = {
			isa = XCBuildConfiguration;
			buildSettings = {
				ALWAYS_SEARCH_USER_PATHS = NO;
				CLANG_ANALYZER_NONNULL = YES;
				CLANG_ANALYZER_NUMBER_OBJECT_CONVERSION = YES_AGGRESSIVE;
				CLANG_CXX_LANGUAGE_STANDARD = "gnu++14";
				CLANG_CXX_LIBRARY = "libc++";
				CLANG_ENABLE_MODULES = YES;
				CLANG_ENABLE_OBJC_ARC = YES;
				CLANG_ENABLE_OBJC_WEAK = YES;
				CLANG_WARN_BLOCK_CAPTURE_AUTORELEASING = YES;
				CLANG_WARN_BOOL_CONVERSION = YES;
				CLANG_WARN_COMMA = YES;
				CLANG_WARN_CONSTANT_CONVERSION = YES;
				CLANG_WARN_DEPRECATED_OBJC_IMPLEMENTATIONS = YES;
				CLANG_WARN_DIRECT_OBJC_ISA_USAGE = YES_ERROR;
				CLANG_WARN_DOCUMENTATION_COMMENTS = YES;
				CLANG_WARN_EMPTY_BODY = YES;
				CLANG_WARN_ENUM_CONVERSION = YES;
				CLANG_WARN_INFINITE_RECURSION = YES;
				CLANG_WARN_INT_CONVERSION = YES;
				CLANG_WARN_NON_LITERAL_NULL_CONVERSION = YES;
				CLANG_WARN_OBJC_IMPLICIT_RETAIN_SELF = YES;
				CLANG_WARN_OBJC_LITERAL_CONVERSION = YES;
				CLANG_WARN_OBJC_ROOT_CLASS = YES_ERROR;
				CLANG_WARN_QUOTED_INCLUDE_IN_FRAMEWORK_HEADER = YES;
				CLANG_WARN_RANGE_LOOP_ANALYSIS = YES;
				CLANG_WARN_STRICT_PROTOTYPES = YES;
				CLANG_WARN_SUSPICIOUS_MOVE = YES;
				CLANG_WARN_UNGUARDED_AVAILABILITY = YES_AGGRESSIVE;
				CLANG_WARN_UNREACHABLE_CODE = YES;
				CLANG_WARN__DUPLICATE_METHOD_MATCH = YES;
				COPY_PHASE_STRIP = NO;
				DEBUG_INFORMATION_FORMAT = dwarf;
				ENABLE_STRICT_OBJC_MSGSEND = YES;
				ENABLE_TESTABILITY = YES;
				GCC_C_LANGUAGE_STANDARD = gnu11;
				GCC_DYNAMIC_NO_PIC = NO;
				GCC_NO_COMMON_BLOCKS = YES;
				GCC_OPTIMIZATION_LEVEL = 0;
				GCC_PREPROCESSOR_DEFINITIONS = (
					"$(inherited)",
					"DEBUG=1",
				);
				GCC_WARN_64_TO_32_BIT_CONVERSION = YES;
				GCC_WARN_ABOUT_RETURN_TYPE = YES_ERROR;
				GCC_WARN_UNDECLARED_SELECTOR = YES;
				GCC_WARN_UNINITIALIZED_AUTOS = YES_AGGRESSIVE;
				GCC_WARN_UNUSED_FUNCTION = YES;
				GCC_WARN_UNUSED_VARIABLE = YES;
				MACOSX_DEPLOYMENT_TARGET = 13.0;
				MTL_ENABLE_DEBUG_INFO = INCLUDE_SOURCE;
				MTL_FAST_MATH = YES;
				ONLY_ACTIVE_ARCH = YES;
				PRODUCT_NAME = "$(TARGET_NAME)";
				SDKROOT = macosx;
				SWIFT_ACTIVE_COMPILATION_CONDITIONS = DEBUG;
				SWIFT_OPTIMIZATION_LEVEL = "-Onone";
				SWIFT_VERSION = 5.9;
			};
			name = Debug;
		};
		DCDCA981038A30304696D5B3 /* Release */ = {
			isa = XCBuildConfiguration;
			buildSettings = {
				ASSETCATALOG_COMPILER_APPICON_NAME = AppIcon;
				CODE_SIGN_STYLE = Automatic;
				COMBINE_HIDPI_IMAGES = YES;
				DEVELOPMENT_TEAM = "";
				ENABLE_APP_SANDBOX = NO;
				FRAMEWORK_SEARCH_PATHS = (
					"$(inherited)",
					"\".\"",
				);
				INFOPLIST_FILE = EarthWallpaper/Info.plist;
				LD_RUNPATH_SEARCH_PATHS = (
					"$(inherited)",
					"@executable_path/../Frameworks",
				);
				MACOSX_DEPLOYMENT_TARGET = 13.0;
				PRODUCT_BUNDLE_IDENTIFIER = com.earthwallpaper.app;
				SDKROOT = macosx;
			};
			name = Release;
		};
		E35B3355BD1E8830D9469997 /* Debug */ = {
			isa = XCBuildConfiguration;
			buildSettings = {
				BUNDLE_LOADER = "$(TEST_HOST)";
				COMBINE_HIDPI_IMAGES = YES;
				GENERATE_INFOPLIST_FILE = YES;
				LD_RUNPATH_SEARCH_PATHS = (
					"$(inherited)",
					"@executable_path/../Frameworks",
					"@loader_path/../Frameworks",
				);
				MACOSX_DEPLOYMENT_TARGET = 13.0;
				PRODUCT_BUNDLE_IDENTIFIER = com.earthwallpaper.tests;
				SDKROOT = macosx;
				TEST_HOST = "$(BUILT_PRODUCTS_DIR)/EarthWallpaper.app/Contents/MacOS/EarthWallpaper";
			};
			name = Debug;
		};
		E3A9D1C1C537E4B649FC2F1C /* Release */ = {
			isa = XCBuildConfiguration;
			buildSettings = {
				BUNDLE_LOADER = "$(TEST_HOST)";
				COMBINE_HIDPI_IMAGES = YES;
				GENERATE_INFOPLIST_FILE = YES;
				LD_RUNPATH_SEARCH_PATHS = (
					"$(inherited)",
					"@executable_path/../Frameworks",
					"@loader_path/../Frameworks",
				);
				MACOSX_DEPLOYMENT_TARGET = 13.0;
				PRODUCT_BUNDLE_IDENTIFIER = com.earthwallpaper.tests;
				SDKROOT = macosx;
				TEST_HOST = "$(BUILT_PRODUCTS_DIR)/EarthWallpaper.app/Contents/MacOS/EarthWallpaper";
			};
			name = Release;
		};
		F96D05CF81290F4F2445B1D0 /* Debug */ = {
			isa = XCBuildConfiguration;
			buildSettings = {
				ASSETCATALOG_COMPILER_APPICON_NAME = AppIcon;
				CODE_SIGN_STYLE = Automatic;
				COMBINE_HIDPI_IMAGES = YES;
				DEVELOPMENT_TEAM = "";
				ENABLE_APP_SANDBOX = NO;
				FRAMEWORK_SEARCH_PATHS = (
					"$(inherited)",
					"\".\"",
				);
				INFOPLIST_FILE = EarthWallpaper/Info.plist;
				LD_RUNPATH_SEARCH_PATHS = (
					"$(inherited)",
					"@executable_path/../Frameworks",
				);
				MACOSX_DEPLOYMENT_TARGET = 13.0;
				PRODUCT_BUNDLE_IDENTIFIER = com.earthwallpaper.app;
				SDKROOT = macosx;
			};
			name = Debug;
		};
/* End XCBuildConfiguration section */

/* Begin XCConfigurationList section */
		5B7C35CFAD908D321A68CEC3 /* Build configuration list for PBXNativeTarget "EarthWallpaper" */ = {
			isa = XCConfigurationList;
			buildConfigurations = (
				F96D05CF81290F4F2445B1D0 /* Debug */,
				DCDCA981038A30304696D5B3 /* Release */,
			);
			defaultConfigurationIsVisible = 0;
			defaultConfigurationName = Debug;
		};
		96D7AF26838F5D56D1F143D4 /* Build configuration list for PBXNativeTarget "EarthWallpaperTests" */ = {
			isa = XCConfigurationList;
			buildConfigurations = (
				E35B3355BD1E8830D9469997 /* Debug */,
				E3A9D1C1C537E4B649FC2F1C /* Release */,
			);
			defaultConfigurationIsVisible = 0;
			defaultConfigurationName = Debug;
		};
		F20192D8454D07BD2082CEB3 /* Build configuration list for PBXProject "EarthWallpaper" */ = {
			isa = XCConfigurationList;
			buildConfigurations = (
				B36D94BADB2F448F421EDA3F /* Debug */,
				692470895F288D96C780ADAC /* Release */,
			);
			defaultConfigurationIsVisible = 0;
			defaultConfigurationName = Debug;
		};
/* End XCConfigurationList section */
	};
	rootObject = 95997AD4A1AC54251CD7BA1A /* Project object */;
}
